
Microsoft Visual Studio Solution File, Format Version 12.00
# Visual Studio Version 17
VisualStudioVersion = 17.9.34622.214
MinimumVisualStudioVersion = 10.0.40219.1
Project("{8BC9CEB8-8B4A-11D0-8D11-00A0C91BC942}") = "Game_1", "Game_1\Game_1.vcxproj", "{DC85445E-904A-470D-97DC-AE349661C2EC}"
EndProject
Global
	GlobalSection(SolutionConfigurationPlatforms) = preSolution
		Debug|x64 = Debug|x64
		Debug|x86 = Debug|x86
		Release|x64 = Release|x64
		Release|x86 = Release|x86
	EndGlobalSection
	GlobalSection(ProjectConfigurationPlatforms) = postSolution
		{DC85445E-904A-470D-97DC-AE349661C2EC}.Debug|x64.ActiveCfg = Debug|x64
		{DC85445E-904A-470D-97DC-AE349661C2EC}.Debug|x64.Build.0 = Debug|x64
		{DC85445E-904A-470D-97DC-AE349661C2EC}.Debug|x86.ActiveCfg = Debug|Win32
		{DC85445E-904A-470D-97DC-AE349661C2EC}.Debug|x86.Build.0 = Debug|Win32
		{DC85445E-904A-470D-97DC-AE349661C2EC}.Release|x64.ActiveCfg = Release|x64
		{DC85445E-904A-470D-97DC-AE349661C2EC}.Release|x64.Build.0 = Release|x64
		{DC85445E-904A-470D-97DC-AE349661C2EC}.Release|x86.ActiveCfg = Release|Win32
		{DC85445E-904A-470D-97DC-AE349661C2EC}.Release|x86.Build.0 = Release|Win32
	EndGlobalSection
	GlobalSection(SolutionProperties) = preSolution
		HideSolutionNode = FALSE
	EndGlobalSection
	GlobalSection(ExtensibilityGlobals) = postSolution
		SolutionGuid = {4AC729C3-EE0D-4955-806C-0564B958B67E}
	EndGlobalSection
EndGlobal
